
Microsoft Visual Studio Solution File, Format Version 12.00
# Visual Studio Version 17
VisualStudioVersion = 17.14.36121.58
MinimumVisualStudioVersion = 10.0.40219.1
Project("{FAE04EC0-301F-11D3-BF4B-00C04F79EFBC}") = "StarkCNC", "StarkCNC\StarkCNC.csproj", "{D467C43B-986D-4E2B-B08A-8F9D60F7D299}"
EndProject
Project("{FAE04EC0-301F-11D3-BF4B-00C04F79EFBC}") = "Calculation", "Calculation\Calculation.csproj", "{8DED087D-1389-E38E-2451-B40305754FF1}"
EndProject
Global
	GlobalSection(SolutionConfigurationPlatforms) = preSolution
		Debug|Any CPU = Debug|Any CPU
		Release|Any CPU = Release|Any CPU
	EndGlobalSection
	GlobalSection(ProjectConfigurationPlatforms) = postSolution
		{D467C43B-986D-4E2B-B08A-8F9D60F7D299}.Debug|Any CPU.ActiveCfg = Debug|Any CPU
		{D467C43B-986D-4E2B-B08A-8F9D60F7D299}.Debug|Any CPU.Build.0 = Debug|Any CPU
		{D467C43B-986D-4E2B-B08A-8F9D60F7D299}.Release|Any CPU.ActiveCfg = Release|Any CPU
		{D467C43B-986D-4E2B-B08A-8F9D60F7D299}.Release|Any CPU.Build.0 = Release|Any CPU
		{8DED087D-1389-E38E-2451-B40305754FF1}.Debug|Any CPU.ActiveCfg = Debug|Any CPU
		{8DED087D-1389-E38E-2451-B40305754FF1}.Debug|Any CPU.Build.0 = Debug|Any CPU
		{8DED087D-1389-E38E-2451-B40305754FF1}.Release|Any CPU.ActiveCfg = Release|Any CPU
		{8DED087D-1389-E38E-2451-B40305754FF1}.Release|Any CPU.Build.0 = Release|Any CPU
	EndGlobalSection
	GlobalSection(SolutionProperties) = preSolution
		HideSolutionNode = FALSE
	EndGlobalSection
	GlobalSection(ExtensibilityGlobals) = postSolution
		SolutionGuid = {71900B29-83D4-4026-84E7-EFCB1E0C1F52}
	EndGlobalSection
EndGlobal
